{
  "version": "5",
  "specifiers": {
    "jsr:@std/yaml@1.1.2": "1.1.2",
    "npm:zod@4.4.3": "4.4.3"
  },
  "jsr": {
    "@std/yaml@1.1.2": {
      "integrity": "de612653c036749ba2044165e316f52412b0f0698afffb7ee80b5331d6d2abae"
    }
  },
  "npm": {
    "zod@4.4.3": {
      "integrity": "sha512-ytENFjIJFl2UwYglde2jchW2Hwm4GJFLDiSXWdTrJQBIN9Fcyp7n4DhxJEiWNAJMV1/BqWfW/kkg71UDcHJyTQ=="
    }
  },
  "workspace": {
    "dependencies": [
      "jsr:@std/yaml@1.1.2",
      "npm:zod@4.4.3"
    ]
  }
}
